
Microsoft Visual Studio Solution File, Format Version 12.00
# Visual Studio Version 17
VisualStudioVersion = 17.14.36518.9
MinimumVisualStudioVersion = 10.0.40219.1
Project("{FAE04EC0-301F-11D3-BF4B-00C04F79EFBC}") = "Inventory Management App", "Inventory Management App\Inventory Management App.csproj", "{D8E013F3-17C5-4286-BD3B-F84AF1A690BE}"
EndProject
Global
	GlobalSection(SolutionConfigurationPlatforms) = preSolution
		Debug|Any CPU = Debug|Any CPU
		Debug|x64 = Debug|x64
		Release|Any CPU = Release|Any CPU
		Release|x64 = Release|x64
	EndGlobalSection
	GlobalSection(ProjectConfigurationPlatforms) = postSolution
		{D8E013F3-17C5-4286-BD3B-F84AF1A690BE}.Debug|Any CPU.ActiveCfg = Debug|x64
		{D8E013F3-17C5-4286-BD3B-F84AF1A690BE}.Debug|Any CPU.Build.0 = Debug|x64
		{D8E013F3-17C5-4286-BD3B-F84AF1A690BE}.Debug|x64.ActiveCfg = Debug|x64
		{D8E013F3-17C5-4286-BD3B-F84AF1A690BE}.Debug|x64.Build.0 = Debug|x64
		{D8E013F3-17C5-4286-BD3B-F84AF1A690BE}.Release|Any CPU.ActiveCfg = Release|Any CPU
		{D8E013F3-17C5-4286-BD3B-F84AF1A690BE}.Release|Any CPU.Build.0 = Release|Any CPU
		{D8E013F3-17C5-4286-BD3B-F84AF1A690BE}.Release|x64.ActiveCfg = Release|x64
		{D8E013F3-17C5-4286-BD3B-F84AF1A690BE}.Release|x64.Build.0 = Release|x64
	EndGlobalSection
	GlobalSection(SolutionProperties) = preSolution
		HideSolutionNode = FALSE
	EndGlobalSection
	GlobalSection(ExtensibilityGlobals) = postSolution
		SolutionGuid = {FEB6E068-EA28-406C-8B15-D3AB1C192CC6}
	EndGlobalSection
EndGlobal
